
Microsoft Visual Studio Solution File, Format Version 12.00
# Visual Studio Version 17
VisualStudioVersion = 17.14.36408.4
MinimumVisualStudioVersion = 10.0.40219.1
Project("{FAE04EC0-301F-11D3-BF4B-00C04F79EFBC}") = "CompanyEmployees", "CompanyEmployees\CompanyEmployees.csproj", "{A3FB89EB-8913-4E31-9A99-DE256C7D7E70}"
EndProject
Project("{FAE04EC0-301F-11D3-BF4B-00C04F79EFBC}") = "Contracts", "Contracts\Contracts.csproj", "{BFA5DDEE-9E28-4CE9-B295-9FEB2679BFEE}"
EndProject
Project("{FAE04EC0-301F-11D3-BF4B-00C04F79EFBC}") = "LoggerService", "LoggerService\LoggerService.csproj", "{188FB5CE-E9F4-4681-A918-6AFF0C2AD744}"
EndProject
Project("{FAE04EC0-301F-11D3-BF4B-00C04F79EFBC}") = "Entities", "Entities\Entities.csproj", "{ED387086-2A0A-4CC7-A43B-E8D8A5256B53}"
EndProject
Project("{FAE04EC0-301F-11D3-BF4B-00C04F79EFBC}") = "Repository", "Repository\Repository.csproj", "{FB41B5BD-21AA-4A0B-8AFC-54368BE4BC81}"
EndProject
Project("{FAE04EC0-301F-11D3-BF4B-00C04F79EFBC}") = "Service.Contracts", "Service.Contracts\Service.Contracts.csproj", "{99A7B966-7256-459A-803A-19D8631020DB}"
EndProject
Project("{FAE04EC0-301F-11D3-BF4B-00C04F79EFBC}") = "Service", "Service\Service.csproj", "{C5A34714-204E-41E3-98AD-8BDA8D81201D}"
EndProject
Project("{FAE04EC0-301F-11D3-BF4B-00C04F79EFBC}") = "CompanyEmployees.Presentation", "CompanyEmployees.Presentation\CompanyEmployees.Presentation.csproj", "{42580FE2-8030-41D4-9AA0-998A2CE8E081}"
EndProject
Project("{FAE04EC0-301F-11D3-BF4B-00C04F79EFBC}") = "Shared", "Shared\Shared.csproj", "{B5E11216-7CD6-43E4-A13C-C712B4172215}"
EndProject
Global
	GlobalSection(SolutionConfigurationPlatforms) = preSolution
		Debug|Any CPU = Debug|Any CPU
		Release|Any CPU = Release|Any CPU
	EndGlobalSection
	GlobalSection(ProjectConfigurationPlatforms) = postSolution
		{A3FB89EB-8913-4E31-9A99-DE256C7D7E70}.Debug|Any CPU.ActiveCfg = Debug|Any CPU
		{A3FB89EB-8913-4E31-9A99-DE256C7D7E70}.Debug|Any CPU.Build.0 = Debug|Any CPU
		{A3FB89EB-8913-4E31-9A99-DE256C7D7E70}.Release|Any CPU.ActiveCfg = Release|Any CPU
		{A3FB89EB-8913-4E31-9A99-DE256C7D7E70}.Release|Any CPU.Build.0 = Release|Any CPU
		{BFA5DDEE-9E28-4CE9-B295-9FEB2679BFEE}.Debug|Any CPU.ActiveCfg = Debug|Any CPU
		{BFA5DDEE-9E28-4CE9-B295-9FEB2679BFEE}.Debug|Any CPU.Build.0 = Debug|Any CPU
		{BFA5DDEE-9E28-4CE9-B295-9FEB2679BFEE}.Release|Any CPU.ActiveCfg = Release|Any CPU
		{BFA5DDEE-9E28-4CE9-B295-9FEB2679BFEE}.Release|Any CPU.Build.0 = Release|Any CPU
		{188FB5CE-E9F4-4681-A918-6AFF0C2AD744}.Debug|Any CPU.ActiveCfg = Debug|Any CPU
		{188FB5CE-E9F4-4681-A918-6AFF0C2AD744}.Debug|Any CPU.Build.0 = Debug|Any CPU
		{188FB5CE-E9F4-4681-A918-6AFF0C2AD744}.Release|Any CPU.ActiveCfg = Release|Any CPU
		{188FB5CE-E9F4-4681-A918-6AFF0C2AD744}.Release|Any CPU.Build.0 = Release|Any CPU
		{ED387086-2A0A-4CC7-A43B-E8D8A5256B53}.Debug|Any CPU.ActiveCfg = Debug|Any CPU
		{ED387086-2A0A-4CC7-A43B-E8D8A5256B53}.Debug|Any CPU.Build.0 = Debug|Any CPU
		{ED387086-2A0A-4CC7-A43B-E8D8A5256B53}.Release|Any CPU.ActiveCfg = Release|Any CPU
		{ED387086-2A0A-4CC7-A43B-E8D8A5256B53}.Release|Any CPU.Build.0 = Release|Any CPU
		{FB41B5BD-21AA-4A0B-8AFC-54368BE4BC81}.Debug|Any CPU.ActiveCfg = Debug|Any CPU
		{FB41B5BD-21AA-4A0B-8AFC-54368BE4BC81}.Debug|Any CPU.Build.0 = Debug|Any CPU
		{FB41B5BD-21AA-4A0B-8AFC-54368BE4BC81}.Release|Any CPU.ActiveCfg = Release|Any CPU
		{FB41B5BD-21AA-4A0B-8AFC-54368BE4BC81}.Release|Any CPU.Build.0 = Release|Any CPU
		{99A7B966-7256-459A-803A-19D8631020DB}.Debug|Any CPU.ActiveCfg = Debug|Any CPU
		{99A7B966-7256-459A-803A-19D8631020DB}.Debug|Any CPU.Build.0 = Debug|Any CPU
		{99A7B966-7256-459A-803A-19D8631020DB}.Release|Any CPU.ActiveCfg = Release|Any CPU
		{99A7B966-7256-459A-803A-19D8631020DB}.Release|Any CPU.Build.0 = Release|Any CPU
		{C5A34714-204E-41E3-98AD-8BDA8D81201D}.Debug|Any CPU.ActiveCfg = Debug|Any CPU
		{C5A34714-204E-41E3-98AD-8BDA8D81201D}.Debug|Any CPU.Build.0 = Debug|Any CPU
		{C5A34714-204E-41E3-98AD-8BDA8D81201D}.Release|Any CPU.ActiveCfg = Release|Any CPU
		{C5A34714-204E-41E3-98AD-8BDA8D81201D}.Release|Any CPU.Build.0 = Release|Any CPU
		{42580FE2-8030-41D4-9AA0-998A2CE8E081}.Debug|Any CPU.ActiveCfg = Debug|Any CPU
		{42580FE2-8030-41D4-9AA0-998A2CE8E081}.Debug|Any CPU.Build.0 = Debug|Any CPU
		{42580FE2-8030-41D4-9AA0-998A2CE8E081}.Release|Any CPU.ActiveCfg = Release|Any CPU
		{42580FE2-8030-41D4-9AA0-998A2CE8E081}.Release|Any CPU.Build.0 = Release|Any CPU
		{B5E11216-7CD6-43E4-A13C-C712B4172215}.Debug|Any CPU.ActiveCfg = Debug|Any CPU
		{B5E11216-7CD6-43E4-A13C-C712B4172215}.Debug|Any CPU.Build.0 = Debug|Any CPU
		{B5E11216-7CD6-43E4-A13C-C712B4172215}.Release|Any CPU.ActiveCfg = Release|Any CPU
		{B5E11216-7CD6-43E4-A13C-C712B4172215}.Release|Any CPU.Build.0 = Release|Any CPU
	EndGlobalSection
	GlobalSection(SolutionProperties) = preSolution
		HideSolutionNode = FALSE
	EndGlobalSection
	GlobalSection(ExtensibilityGlobals) = postSolution
		SolutionGuid = {642D6E3F-D6C1-47BC-B69F-BF6EDFFC49B6}
	EndGlobalSection
EndGlobal
